
Microsoft Visual Studio Solution File, Format Version 12.00
# Visual Studio Version 17
VisualStudioVersion = 17.5.002.0
MinimumVisualStudioVersion = 10.0.40219.1
Project("{9A19103F-16F7-4668-BE54-9A1E7A4F7556}") = "lightsout", "lightsout.csproj", "{BC059879-7F1D-45BF-822E-C18FC5FCC859}"
EndProject
Global
	GlobalSection(SolutionConfigurationPlatforms) = preSolution
		Debug|Any CPU = Debug|Any CPU
		Release|Any CPU = Release|Any CPU
	EndGlobalSection
	GlobalSection(ProjectConfigurationPlatforms) = postSolution
		{BC059879-7F1D-45BF-822E-C18FC5FCC859}.Debug|Any CPU.ActiveCfg = Debug|Any CPU
		{BC059879-7F1D-45BF-822E-C18FC5FCC859}.Debug|Any CPU.Build.0 = Debug|Any CPU
		{BC059879-7F1D-45BF-822E-C18FC5FCC859}.Release|Any CPU.ActiveCfg = Release|Any CPU
		{BC059879-7F1D-45BF-822E-C18FC5FCC859}.Release|Any CPU.Build.0 = Release|Any CPU
	EndGlobalSection
	GlobalSection(SolutionProperties) = preSolution
		HideSolutionNode = FALSE
	EndGlobalSection
	GlobalSection(ExtensibilityGlobals) = postSolution
		SolutionGuid = {B8B1ACDD-4110-42D1-A4FB-AA82ABC2A3A9}
	EndGlobalSection
EndGlobal
